
Microsoft Visual Studio Solution File, Format Version 12.00
# Visual Studio 15
VisualStudioVersion = 15.0.28307.1340
MinimumVisualStudioVersion = 10.0.40219.1
Project("{9A19103F-16F7-4668-BE54-9A1E7A4F7556}") = "MatrizArray", "Eumeraciones\MatrizArray.csproj", "{A13DA960-D23A-49B4-9380-0B14FDEC5C4D}"
EndProject
Global
	GlobalSection(SolutionConfigurationPlatforms) = preSolution
		Debug|Any CPU = Debug|Any CPU
		Release|Any CPU = Release|Any CPU
	EndGlobalSection
	GlobalSection(ProjectConfigurationPlatforms) = postSolution
		{A13DA960-D23A-49B4-9380-0B14FDEC5C4D}.Debug|Any CPU.ActiveCfg = Debug|Any CPU
		{A13DA960-D23A-49B4-9380-0B14FDEC5C4D}.Debug|Any CPU.Build.0 = Debug|Any CPU
		{A13DA960-D23A-49B4-9380-0B14FDEC5C4D}.Release|Any CPU.ActiveCfg = Release|Any CPU
		{A13DA960-D23A-49B4-9380-0B14FDEC5C4D}.Release|Any CPU.Build.0 = Release|Any CPU
	EndGlobalSection
	GlobalSection(SolutionProperties) = preSolution
		HideSolutionNode = FALSE
	EndGlobalSection
	GlobalSection(ExtensibilityGlobals) = postSolution
		SolutionGuid = {6812BE21-53C9-44BD-987D-9C1CFCBFCCC4}
	EndGlobalSection
EndGlobal
